
Microsoft Visual Studio Solution File, Format Version 12.00
# Visual Studio Version 17
VisualStudioVersion = 17.13.35828.75 d17.13
MinimumVisualStudioVersion = 10.0.40219.1
Project("{D2ABAB84-BF74-430A-B69E-9DC6D40DDA17}") = "proyectoFINAL", "proyectoFINAL\proyectoFINAL.dwproj", "{F7D362DE-F24A-3FD6-A18C-6815A56E8B12}"
EndProject
Global
	GlobalSection(SolutionConfigurationPlatforms) = preSolution
		Development|Default = Development|Default
	EndGlobalSection
	GlobalSection(ProjectConfigurationPlatforms) = postSolution
		{F7D362DE-F24A-3FD6-A18C-6815A56E8B12}.Development|Default.ActiveCfg = Development
		{F7D362DE-F24A-3FD6-A18C-6815A56E8B12}.Development|Default.Build.0 = Development
		{F7D362DE-F24A-3FD6-A18C-6815A56E8B12}.Development|Default.Deploy.0 = Development
	EndGlobalSection
	GlobalSection(SolutionProperties) = preSolution
		HideSolutionNode = FALSE
	EndGlobalSection
	GlobalSection(ExtensibilityGlobals) = postSolution
		SolutionGuid = {95520D5B-9677-4020-94DB-143AE9EAC200}
	EndGlobalSection
EndGlobal
